
Microsoft Visual Studio Solution File, Format Version 12.00
# Visual Studio Version 16
VisualStudioVersion = 16.0.31112.23
MinimumVisualStudioVersion = 10.0.40219.1
Project("{888888A0-9F3D-457C-B088-3A5042F75D52}") = "BJ", "BJ.pyproj", "{8E9BCC8B-6088-4FFC-BDCE-78B48C8035F7}"
EndProject
Global
	GlobalSection(SolutionConfigurationPlatforms) = preSolution
		Debug|Any CPU = Debug|Any CPU
		Release|Any CPU = Release|Any CPU
	EndGlobalSection
	GlobalSection(ProjectConfigurationPlatforms) = postSolution
		{8E9BCC8B-6088-4FFC-BDCE-78B48C8035F7}.Debug|Any CPU.ActiveCfg = Debug|Any CPU
		{8E9BCC8B-6088-4FFC-BDCE-78B48C8035F7}.Release|Any CPU.ActiveCfg = Release|Any CPU
	EndGlobalSection
	GlobalSection(SolutionProperties) = preSolution
		HideSolutionNode = FALSE
	EndGlobalSection
	GlobalSection(ExtensibilityGlobals) = postSolution
		SolutionGuid = {A8CAAB29-647E-4F35-9FF8-573B1B7279D4}
	EndGlobalSection
EndGlobal
